
Microsoft Visual Studio Solution File, Format Version 12.00
# Visual Studio Version 17
VisualStudioVersion = 17.7.34024.191
MinimumVisualStudioVersion = 10.0.40219.1
Project("{FAE04EC0-301F-11D3-BF4B-00C04F79EFBC}") = "CreatingExceptions", "CreatingExceptions\CreatingExceptions.csproj", "{15772A4C-5923-42BD-BFBA-85F22242A139}"
EndProject
Global
	GlobalSection(SolutionConfigurationPlatforms) = preSolution
		Debug|Any CPU = Debug|Any CPU
		Release|Any CPU = Release|Any CPU
	EndGlobalSection
	GlobalSection(ProjectConfigurationPlatforms) = postSolution
		{15772A4C-5923-42BD-BFBA-85F22242A139}.Debug|Any CPU.ActiveCfg = Debug|Any CPU
		{15772A4C-5923-42BD-BFBA-85F22242A139}.Debug|Any CPU.Build.0 = Debug|Any CPU
		{15772A4C-5923-42BD-BFBA-85F22242A139}.Release|Any CPU.ActiveCfg = Release|Any CPU
		{15772A4C-5923-42BD-BFBA-85F22242A139}.Release|Any CPU.Build.0 = Release|Any CPU
	EndGlobalSection
	GlobalSection(SolutionProperties) = preSolution
		HideSolutionNode = FALSE
	EndGlobalSection
	GlobalSection(ExtensibilityGlobals) = postSolution
		SolutionGuid = {F8DA37E6-89A3-4C10-A666-3774257844CB}
	EndGlobalSection
EndGlobal
